// !$*UTF8*$!
{
	archiveVersion = 1;
	classes = {
	};
	objectVersion = 46;
	objects = {

/* Begin PBXBuildFile section */
		6216BC0E1A5C5EA500F350FA /* AVFoundation.framework in Frameworks */ = {isa = PBXBuildFile; fileRef = 6216BC0D1A5C5EA500F350FA /* AVFoundation.framework */; };
		6216BC101A5C5EAA00F350FA /* AudioToolbox.framework in Frameworks */ = {isa = PBXBuildFile; fileRef = 6216BC0F1A5C5EAA00F350FA /* AudioToolbox.framework */; };
		6216BC121A5C5EAF00F350FA /* CoreMedia.framework in Frameworks */ = {isa = PBXBuildFile; fileRef = 6216BC111A5C5EAF00F350FA /* CoreMedia.framework */; };
		6216BC141A5C5EBB00F350FA /* MobileCoreServices.framework in Frameworks */ = {isa = PBXBuildFile; fileRef = 6216BC131A5C5EBB00F350FA /* MobileCoreServices.framework */; };
		6216BC171A5C5F8A00F350FA /* ScanCreditCardViewController.m in Sources */ = {isa = PBXBuildFile; fileRef = 6216BC161A5C5F8A00F350FA /* ScanCreditCardViewController.m */; };
		62F7FD671A57DF7400A489BF /* main.m in Sources */ = {isa = PBXBuildFile; fileRef = 62F7FD661A57DF7400A489BF /* main.m */; };
		62F7FD6A1A57DF7400A489BF /* AppDelegate.m in Sources */ = {isa = PBXBuildFile; fileRef = 62F7FD691A57DF7400A489BF /* AppDelegate.m */; };
		62F7FD721A57DF7400A489BF /* Images.xcassets in Resources */ = {isa = PBXBuildFile; fileRef = 62F7FD711A57DF7400A489BF /* Images.xcassets */; };
		62F7FD811A57DF7400A489BF /* ASCollectionViewExampleTests.m in Sources */ = {isa = PBXBuildFile; fileRef = 62F7FD801A57DF7400A489BF /* ASCollectionViewExampleTests.m */; };
		62F7FD8C1A57DFDD00A489BF /* NSCEpisode.m in Sources */ = {isa = PBXBuildFile; fileRef = 62F7FD8B1A57DFDD00A489BF /* NSCEpisode.m */; };
		62F7FD911A57E03000A489BF /* EpisodeNode.m in Sources */ = {isa = PBXBuildFile; fileRef = 62F7FD901A57E03000A489BF /* EpisodeNode.m */; };
		62F7FD941A57ED5100A489BF /* EpisodeViewController.m in Sources */ = {isa = PBXBuildFile; fileRef = 62F7FD931A57ED5100A489BF /* EpisodeViewController.m */; };
		62F7FD961A57EF8800A489BF /* Default-568h@2x.png in Resources */ = {isa = PBXBuildFile; fileRef = 62F7FD951A57EF8800A489BF /* Default-568h@2x.png */; };
		62F7FD9C1A5830E200A489BF /* WebViewController.m in Sources */ = {isa = PBXBuildFile; fileRef = 62F7FD9B1A5830E200A489BF /* WebViewController.m */; };
		9DA2B2249B1CD37683151E87 /* libPods.a in Frameworks */ = {isa = PBXBuildFile; fileRef = DA15601F611B024E014FEAE9 /* libPods.a */; };
/* End PBXBuildFile section */

/* Begin PBXContainerItemProxy section */
		62F7FD7B1A57DF7400A489BF /* PBXContainerItemProxy */ = {
			isa = PBXContainerItemProxy;
			containerPortal = 62F7FD591A57DF7400A489BF /* Project object */;
			proxyType = 1;
			remoteGlobalIDString = 62F7FD601A57DF7400A489BF;
			remoteInfo = ASCollectionViewExample;
		};
/* End PBXContainerItemProxy section */

/* Begin PBXFileReference section */
		491C47848DE8307DC46E9939 /* Pods.release.xcconfig */ = {isa = PBXFileReference; includeInIndex = 1; lastKnownFileType = text.xcconfig; name = Pods.release.xcconfig; path = "Pods/Target Support Files/Pods/Pods.release.xcconfig"; sourceTree = "<group>"; };
		6216BC0D1A5C5EA500F350FA /* AVFoundation.framework */ = {isa = PBXFileReference; lastKnownFileType = wrapper.framework; name = AVFoundation.framework; path = System/Library/Frameworks/AVFoundation.framework; sourceTree = SDKROOT; };
		6216BC0F1A5C5EAA00F350FA /* AudioToolbox.framework */ = {isa = PBXFileReference; lastKnownFileType = wrapper.framework; name = AudioToolbox.framework; path = System/Library/Frameworks/AudioToolbox.framework; sourceTree = SDKROOT; };
		6216BC111A5C5EAF00F350FA /* CoreMedia.framework */ = {isa = PBXFileReference; lastKnownFileType = wrapper.framework; name = CoreMedia.framework; path = System/Library/Frameworks/CoreMedia.framework; sourceTree = SDKROOT; };
		6216BC131A5C5EBB00F350FA /* MobileCoreServices.framework */ = {isa = PBXFileReference; lastKnownFileType = wrapper.framework; name = MobileCoreServices.framework; path = System/Library/Frameworks/MobileCoreServices.framework; sourceTree = SDKROOT; };
		6216BC151A5C5F8A00F350FA /* ScanCreditCardViewController.h */ = {isa = PBXFileReference; fileEncoding = 4; lastKnownFileType = sourcecode.c.h; path = ScanCreditCardViewController.h; sourceTree = "<group>"; };
		6216BC161A5C5F8A00F350FA /* ScanCreditCardViewController.m */ = {isa = PBXFileReference; fileEncoding = 4; lastKnownFileType = sourcecode.c.objc; path = ScanCreditCardViewController.m; sourceTree = "<group>"; };
		62F7FD611A57DF7400A489BF /* ASCollectionViewExample.app */ = {isa = PBXFileReference; explicitFileType = wrapper.application; includeInIndex = 0; path = ASCollectionViewExample.app; sourceTree = BUILT_PRODUCTS_DIR; };
		62F7FD651A57DF7400A489BF /* Info.plist */ = {isa = PBXFileReference; lastKnownFileType = text.plist.xml; path = Info.plist; sourceTree = "<group>"; };
		62F7FD661A57DF7400A489BF /* main.m */ = {isa = PBXFileReference; lastKnownFileType = sourcecode.c.objc; path = main.m; sourceTree = "<group>"; };
		62F7FD681A57DF7400A489BF /* AppDelegate.h */ = {isa = PBXFileReference; lastKnownFileType = sourcecode.c.h; path = AppDelegate.h; sourceTree = "<group>"; };
		62F7FD691A57DF7400A489BF /* AppDelegate.m */ = {isa = PBXFileReference; lastKnownFileType = sourcecode.c.objc; path = AppDelegate.m; sourceTree = "<group>"; };
		62F7FD711A57DF7400A489BF /* Images.xcassets */ = {isa = PBXFileReference; lastKnownFileType = folder.assetcatalog; path = Images.xcassets; sourceTree = "<group>"; };
		62F7FD7A1A57DF7400A489BF /* ASCollectionViewExampleTests.xctest */ = {isa = PBXFileReference; explicitFileType = wrapper.cfbundle; includeInIndex = 0; path = ASCollectionViewExampleTests.xctest; sourceTree = BUILT_PRODUCTS_DIR; };
		62F7FD7F1A57DF7400A489BF /* Info.plist */ = {isa = PBXFileReference; lastKnownFileType = text.plist.xml; path = Info.plist; sourceTree = "<group>"; };
		62F7FD801A57DF7400A489BF /* ASCollectionViewExampleTests.m */ = {isa = PBXFileReference; lastKnownFileType = sourcecode.c.objc; path = ASCollectionViewExampleTests.m; sourceTree = "<group>"; };
		62F7FD8A1A57DFDD00A489BF /* NSCEpisode.h */ = {isa = PBXFileReference; fileEncoding = 4; lastKnownFileType = sourcecode.c.h; path = NSCEpisode.h; sourceTree = "<group>"; };
		62F7FD8B1A57DFDD00A489BF /* NSCEpisode.m */ = {isa = PBXFileReference; fileEncoding = 4; lastKnownFileType = sourcecode.c.objc; path = NSCEpisode.m; sourceTree = "<group>"; };
		62F7FD8F1A57E03000A489BF /* EpisodeNode.h */ = {isa = PBXFileReference; fileEncoding = 4; lastKnownFileType = sourcecode.c.h; path = EpisodeNode.h; sourceTree = "<group>"; };
		62F7FD901A57E03000A489BF /* EpisodeNode.m */ = {isa = PBXFileReference; fileEncoding = 4; lastKnownFileType = sourcecode.c.objc; path = EpisodeNode.m; sourceTree = "<group>"; };
		62F7FD921A57ED5100A489BF /* EpisodeViewController.h */ = {isa = PBXFileReference; fileEncoding = 4; lastKnownFileType = sourcecode.c.h; path = EpisodeViewController.h; sourceTree = "<group>"; };
		62F7FD931A57ED5100A489BF /* EpisodeViewController.m */ = {isa = PBXFileReference; fileEncoding = 4; lastKnownFileType = sourcecode.c.objc; path = EpisodeViewController.m; sourceTree = "<group>"; };
		62F7FD951A57EF8800A489BF /* Default-568h@2x.png */ = {isa = PBXFileReference; lastKnownFileType = image.png; path = "Default-568h@2x.png"; sourceTree = "<group>"; };
		62F7FD9A1A5830E200A489BF /* WebViewController.h */ = {isa = PBXFileReference; fileEncoding = 4; lastKnownFileType = sourcecode.c.h; path = WebViewController.h; sourceTree = "<group>"; };
		62F7FD9B1A5830E200A489BF /* WebViewController.m */ = {isa = PBXFileReference; fileEncoding = 4; lastKnownFileType = sourcecode.c.objc; path = WebViewController.m; sourceTree = "<group>"; };
		ABC0B4D5F08C4CCD458AA06C /* Pods.debug.xcconfig */ = {isa = PBXFileReference; includeInIndex = 1; lastKnownFileType = text.xcconfig; name = Pods.debug.xcconfig; path = "Pods/Target Support Files/Pods/Pods.debug.xcconfig"; sourceTree = "<group>"; };
		DA15601F611B024E014FEAE9 /* libPods.a */ = {isa = PBXFileReference; explicitFileType = archive.ar; includeInIndex = 0; path = libPods.a; sourceTree = BUILT_PRODUCTS_DIR; };
/* End PBXFileReference section */

/* Begin PBXFrameworksBuildPhase section */
		62F7FD5E1A57DF7400A489BF /* Frameworks */ = {
			isa = PBXFrameworksBuildPhase;
			buildActionMask = 2147483647;
			files = (
				6216BC141A5C5EBB00F350FA /* MobileCoreServices.framework in Frameworks */,
				6216BC121A5C5EAF00F350FA /* CoreMedia.framework in Frameworks */,
				6216BC101A5C5EAA00F350FA /* AudioToolbox.framework in Frameworks */,
				6216BC0E1A5C5EA500F350FA /* AVFoundation.framework in Frameworks */,
				9DA2B2249B1CD37683151E87 /* libPods.a in Frameworks */,
			);
			runOnlyForDeploymentPostprocessing = 0;
		};
		62F7FD771A57DF7400A489BF /* Frameworks */ = {
			isa = PBXFrameworksBuildPhase;
			buildActionMask = 2147483647;
			files = (
			);
			runOnlyForDeploymentPostprocessing = 0;
		};
/* End PBXFrameworksBuildPhase section */

/* Begin PBXGroup section */
		46589D6AB88153C14D4ECDA0 /* Frameworks */ = {
			isa = PBXGroup;
			children = (
				6216BC131A5C5EBB00F350FA /* MobileCoreServices.framework */,
				6216BC111A5C5EAF00F350FA /* CoreMedia.framework */,
				6216BC0F1A5C5EAA00F350FA /* AudioToolbox.framework */,
				6216BC0D1A5C5EA500F350FA /* AVFoundation.framework */,
				DA15601F611B024E014FEAE9 /* libPods.a */,
			);
			name = Frameworks;
			sourceTree = "<group>";
		};
		62F7FD581A57DF7400A489BF = {
			isa = PBXGroup;
			children = (
				62F7FD951A57EF8800A489BF /* Default-568h@2x.png */,
				62F7FD631A57DF7400A489BF /* ASCollectionViewExample */,
				62F7FD7D1A57DF7400A489BF /* ASCollectionViewExampleTests */,
				62F7FD621A57DF7400A489BF /* Products */,
				B509A4D3416BE05352B82325 /* Pods */,
				46589D6AB88153C14D4ECDA0 /* Frameworks */,
			);
			sourceTree = "<group>";
		};
		62F7FD621A57DF7400A489BF /* Products */ = {
			isa = PBXGroup;
			children = (
				62F7FD611A57DF7400A489BF /* ASCollectionViewExample.app */,
				62F7FD7A1A57DF7400A489BF /* ASCollectionViewExampleTests.xctest */,
			);
			name = Products;
			sourceTree = "<group>";
		};
		62F7FD631A57DF7400A489BF /* ASCollectionViewExample */ = {
			isa = PBXGroup;
			children = (
				62F7FD681A57DF7400A489BF /* AppDelegate.h */,
				62F7FD691A57DF7400A489BF /* AppDelegate.m */,
				62F7FD8D1A57DFE200A489BF /* Models */,
				62F7FD8E1A57DFED00A489BF /* Nodes */,
				62F7FD9D1A58367100A489BF /* ViewControllers */,
				62F7FD711A57DF7400A489BF /* Images.xcassets */,
				62F7FD641A57DF7400A489BF /* Supporting Files */,
			);
			path = ASCollectionViewExample;
			sourceTree = "<group>";
		};
		62F7FD641A57DF7400A489BF /* Supporting Files */ = {
			isa = PBXGroup;
			children = (
				62F7FD651A57DF7400A489BF /* Info.plist */,
				62F7FD661A57DF7400A489BF /* main.m */,
			);
			name = "Supporting Files";
			sourceTree = "<group>";
		};
		62F7FD7D1A57DF7400A489BF /* ASCollectionViewExampleTests */ = {
			isa = PBXGroup;
			children = (
				62F7FD801A57DF7400A489BF /* ASCollectionViewExampleTests.m */,
				62F7FD7E1A57DF7400A489BF /* Supporting Files */,
			);
			path = ASCollectionViewExampleTests;
			sourceTree = "<group>";
		};
		62F7FD7E1A57DF7400A489BF /* Supporting Files */ = {
			isa = PBXGroup;
			children = (
				62F7FD7F1A57DF7400A489BF /* Info.plist */,
			);
			name = "Supporting Files";
			sourceTree = "<group>";
		};
		62F7FD8D1A57DFE200A489BF /* Models */ = {
			isa = PBXGroup;
			children = (
				62F7FD8A1A57DFDD00A489BF /* NSCEpisode.h */,
				62F7FD8B1A57DFDD00A489BF /* NSCEpisode.m */,
			);
			name = Models;
			sourceTree = "<group>";
		};
		62F7FD8E1A57DFED00A489BF /* Nodes */ = {
			isa = PBXGroup;
			children = (
				62F7FD8F1A57E03000A489BF /* EpisodeNode.h */,
				62F7FD901A57E03000A489BF /* EpisodeNode.m */,
			);
			name = Nodes;
			sourceTree = "<group>";
		};
		62F7FD9D1A58367100A489BF /* ViewControllers */ = {
			isa = PBXGroup;
			children = (
				62F7FD921A57ED5100A489BF /* EpisodeViewController.h */,
				62F7FD931A57ED5100A489BF /* EpisodeViewController.m */,
				62F7FD9A1A5830E200A489BF /* WebViewController.h */,
				62F7FD9B1A5830E200A489BF /* WebViewController.m */,
				6216BC151A5C5F8A00F350FA /* ScanCreditCardViewController.h */,
				6216BC161A5C5F8A00F350FA /* ScanCreditCardViewController.m */,
			);
			name = ViewControllers;
			sourceTree = "<group>";
		};
		B509A4D3416BE05352B82325 /* Pods */ = {
			isa = PBXGroup;
			children = (
				ABC0B4D5F08C4CCD458AA06C /* Pods.debug.xcconfig */,
				491C47848DE8307DC46E9939 /* Pods.release.xcconfig */,
			);
			name = Pods;
			sourceTree = "<group>";
		};
/* End PBXGroup section */

/* Begin PBXNativeTarget section */
		62F7FD601A57DF7400A489BF /* ASCollectionViewExample */ = {
			isa = PBXNativeTarget;
			buildConfigurationList = 62F7FD841A57DF7400A489BF /* Build configuration list for PBXNativeTarget "ASCollectionViewExample" */;
			buildPhases = (
				7583A47B03C8D4C3775D2604 /* Check Pods Manifest.lock */,
				62F7FD5D1A57DF7400A489BF /* Sources */,
				62F7FD5E1A57DF7400A489BF /* Frameworks */,
				62F7FD5F1A57DF7400A489BF /* Resources */,
				D2CC334F2F6990D7E03F7F94 /* Copy Pods Resources */,
			);
			buildRules = (
			);
			dependencies = (
			);
			name = ASCollectionViewExample;
			productName = ASCollectionViewExample;
			productReference = 62F7FD611A57DF7400A489BF /* ASCollectionViewExample.app */;
			productType = "com.apple.product-type.application";
		};
		62F7FD791A57DF7400A489BF /* ASCollectionViewExampleTests */ = {
			isa = PBXNativeTarget;
			buildConfigurationList = 62F7FD871A57DF7400A489BF /* Build configuration list for PBXNativeTarget "ASCollectionViewExampleTests" */;
			buildPhases = (
				62F7FD761A57DF7400A489BF /* Sources */,
				62F7FD771A57DF7400A489BF /* Frameworks */,
				62F7FD781A57DF7400A489BF /* Resources */,
			);
			buildRules = (
			);
			dependencies = (
				62F7FD7C1A57DF7400A489BF /* PBXTargetDependency */,
			);
			name = ASCollectionViewExampleTests;
			productName = ASCollectionViewExampleTests;
			productReference = 62F7FD7A1A57DF7400A489BF /* ASCollectionViewExampleTests.xctest */;
			productType = "com.apple.product-type.bundle.unit-test";
		};
/* End PBXNativeTarget section */

/* Begin PBXProject section */
		62F7FD591A57DF7400A489BF /* Project object */ = {
			isa = PBXProject;
			attributes = {
				LastUpgradeCheck = 0610;
				ORGANIZATIONNAME = michaelyau;
				TargetAttributes = {
					62F7FD601A57DF7400A489BF = {
						CreatedOnToolsVersion = 6.1.1;
					};
					62F7FD791A57DF7400A489BF = {
						CreatedOnToolsVersion = 6.1.1;
						TestTargetID = 62F7FD601A57DF7400A489BF;
					};
				};
			};
			buildConfigurationList = 62F7FD5C1A57DF7400A489BF /* Build configuration list for PBXProject "ASCollectionViewExample" */;
			compatibilityVersion = "Xcode 3.2";
			developmentRegion = English;
			hasScannedForEncodings = 0;
			knownRegions = (
				en,
				Base,
			);
			mainGroup = 62F7FD581A57DF7400A489BF;
			productRefGroup = 62F7FD621A57DF7400A489BF /* Products */;
			projectDirPath = "";
			projectRoot = "";
			targets = (
				62F7FD601A57DF7400A489BF /* ASCollectionViewExample */,
				62F7FD791A57DF7400A489BF /* ASCollectionViewExampleTests */,
			);
		};
/* End PBXProject section */

/* Begin PBXResourcesBuildPhase section */
		62F7FD5F1A57DF7400A489BF /* Resources */ = {
			isa = PBXResourcesBuildPhase;
			buildActionMask = 2147483647;
			files = (
				62F7FD721A57DF7400A489BF /* Images.xcassets in Resources */,
				62F7FD961A57EF8800A489BF /* Default-568h@2x.png in Resources */,
			);
			runOnlyForDeploymentPostprocessing = 0;
		};
		62F7FD781A57DF7400A489BF /* Resources */ = {
			isa = PBXResourcesBuildPhase;
			buildActionMask = 2147483647;
			files = (
			);
			runOnlyForDeploymentPostprocessing = 0;
		};
/* End PBXResourcesBuildPhase section */

/* Begin PBXShellScriptBuildPhase section */
		7583A47B03C8D4C3775D2604 /* Check Pods Manifest.lock */ = {
			isa = PBXShellScriptBuildPhase;
			buildActionMask = 2147483647;
			files = (
			);
			inputPaths = (
			);
			name = "Check Pods Manifest.lock";
			outputPaths = (
			);
			runOnlyForDeploymentPostprocessing = 0;
			shellPath = /bin/sh;
			shellScript = "diff \"${PODS_ROOT}/../Podfile.lock\" \"${PODS_ROOT}/Manifest.lock\" > /dev/null\nif [[ $? != 0 ]] ; then\n    cat << EOM\nerror: The sandbox is not in sync with the Podfile.lock. Run 'pod install' or update your CocoaPods installation.\nEOM\n    exit 1\nfi\n";
			showEnvVarsInLog = 0;
		};
		D2CC334F2F6990D7E03F7F94 /* Copy Pods Resources */ = {
			isa = PBXShellScriptBuildPhase;
			buildActionMask = 2147483647;
			files = (
			);
			inputPaths = (
			);
			name = "Copy Pods Resources";
			outputPaths = (
			);
			runOnlyForDeploymentPostprocessing = 0;
			shellPath = /bin/sh;
			shellScript = "\"${SRCROOT}/Pods/Target Support Files/Pods/Pods-resources.sh\"\n";
			showEnvVarsInLog = 0;
		};
/* End PBXShellScriptBuildPhase section */

/* Begin PBXSourcesBuildPhase section */
		62F7FD5D1A57DF7400A489BF /* Sources */ = {
			isa = PBXSourcesBuildPhase;
			buildActionMask = 2147483647;
			files = (
				62F7FD941A57ED5100A489BF /* EpisodeViewController.m in Sources */,
				62F7FD9C1A5830E200A489BF /* WebViewController.m in Sources */,
				62F7FD6A1A57DF7400A489BF /* AppDelegate.m in Sources */,
				62F7FD671A57DF7400A489BF /* main.m in Sources */,
				62F7FD8C1A57DFDD00A489BF /* NSCEpisode.m in Sources */,
				6216BC171A5C5F8A00F350FA /* ScanCreditCardViewController.m in Sources */,
				62F7FD911A57E03000A489BF /* EpisodeNode.m in Sources */,
			);
			runOnlyForDeploymentPostprocessing = 0;
		};
		62F7FD761A57DF7400A489BF /* Sources */ = {
			isa = PBXSourcesBuildPhase;
			buildActionMask = 2147483647;
			files = (
				62F7FD811A57DF7400A489BF /* ASCollectionViewExampleTests.m in Sources */,
			);
			runOnlyForDeploymentPostprocessing = 0;
		};
/* End PBXSourcesBuildPhase section */

/* Begin PBXTargetDependency section */
		62F7FD7C1A57DF7400A489BF /* PBXTargetDependency */ = {
			isa = PBXTargetDependency;
			target = 62F7FD601A57DF7400A489BF /* ASCollectionViewExample */;
			targetProxy = 62F7FD7B1A57DF7400A489BF /* PBXContainerItemProxy */;
		};
/* End PBXTargetDependency section */

/* Begin XCBuildConfiguration section */
		62F7FD821A57DF7400A489BF /* Debug */ = {
			isa = XCBuildConfiguration;
			buildSettings = {
				ALWAYS_SEARCH_USER_PATHS = NO;
				CLANG_CXX_LANGUAGE_STANDARD = "gnu++0x";
				CLANG_CXX_LIBRARY = "libc++";
				CLANG_ENABLE_MODULES = YES;
				CLANG_ENABLE_OBJC_ARC = YES;
				CLANG_WARN_BOOL_CONVERSION = YES;
				CLANG_WARN_CONSTANT_CONVERSION = YES;
				CLANG_WARN_DIRECT_OBJC_ISA_USAGE = YES_ERROR;
				CLANG_WARN_EMPTY_BODY = YES;
				CLANG_WARN_ENUM_CONVERSION = YES;
				CLANG_WARN_INT_CONVERSION = YES;
				CLANG_WARN_OBJC_ROOT_CLASS = YES_ERROR;
				CLANG_WARN_UNREACHABLE_CODE = YES;
				CLANG_WARN__DUPLICATE_METHOD_MATCH = YES;
				"CODE_SIGN_IDENTITY[sdk=iphoneos*]" = "iPhone Developer";
				COPY_PHASE_STRIP = NO;
				ENABLE_STRICT_OBJC_MSGSEND = YES;
				GCC_C_LANGUAGE_STANDARD = gnu99;
				GCC_DYNAMIC_NO_PIC = NO;
				GCC_OPTIMIZATION_LEVEL = 0;
				GCC_PREPROCESSOR_DEFINITIONS = (
					"DEBUG=1",
					"$(inherited)",
				);
				GCC_SYMBOLS_PRIVATE_EXTERN = NO;
				GCC_WARN_64_TO_32_BIT_CONVERSION = YES;
				GCC_WARN_ABOUT_RETURN_TYPE = YES_ERROR;
				GCC_WARN_UNDECLARED_SELECTOR = YES;
				GCC_WARN_UNINITIALIZED_AUTOS = YES_AGGRESSIVE;
				GCC_WARN_UNUSED_FUNCTION = YES;
				GCC_WARN_UNUSED_VARIABLE = YES;
				IPHONEOS_DEPLOYMENT_TARGET = 8.1;
				MTL_ENABLE_DEBUG_INFO = YES;
				ONLY_ACTIVE_ARCH = YES;
				SDKROOT = iphoneos;
				TARGETED_DEVICE_FAMILY = "1,2";
			};
			name = Debug;
		};
		62F7FD831A57DF7400A489BF /* Release */ = {
			isa = XCBuildConfiguration;
			buildSettings = {
				ALWAYS_SEARCH_USER_PATHS = NO;
				CLANG_CXX_LANGUAGE_STANDARD = "gnu++0x";
				CLANG_CXX_LIBRARY = "libc++";
				CLANG_ENABLE_MODULES = YES;
				CLANG_ENABLE_OBJC_ARC = YES;
				CLANG_WARN_BOOL_CONVERSION = YES;
				CLANG_WARN_CONSTANT_CONVERSION = YES;
				CLANG_WARN_DIRECT_OBJC_ISA_USAGE = YES_ERROR;
				CLANG_WARN_EMPTY_BODY = YES;
				CLANG_WARN_ENUM_CONVERSION = YES;
				CLANG_WARN_INT_CONVERSION = YES;
				CLANG_WARN_OBJC_ROOT_CLASS = YES_ERROR;
				CLANG_WARN_UNREACHABLE_CODE = YES;
				CLANG_WARN__DUPLICATE_METHOD_MATCH = YES;
				"CODE_SIGN_IDENTITY[sdk=iphoneos*]" = "iPhone Developer";
				COPY_PHASE_STRIP = YES;
				ENABLE_NS_ASSERTIONS = NO;
				ENABLE_STRICT_OBJC_MSGSEND = YES;
				GCC_C_LANGUAGE_STANDARD = gnu99;
				GCC_WARN_64_TO_32_BIT_CONVERSION = YES;
				GCC_WARN_ABOUT_RETURN_TYPE = YES_ERROR;
				GCC_WARN_UNDECLARED_SELECTOR = YES;
				GCC_WARN_UNINITIALIZED_AUTOS = YES_AGGRESSIVE;
				GCC_WARN_UNUSED_FUNCTION = YES;
				GCC_WARN_UNUSED_VARIABLE = YES;
				IPHONEOS_DEPLOYMENT_TARGET = 8.1;
				MTL_ENABLE_DEBUG_INFO = NO;
				SDKROOT = iphoneos;
				TARGETED_DEVICE_FAMILY = "1,2";
				VALIDATE_PRODUCT = YES;
			};
			name = Release;
		};
		62F7FD851A57DF7400A489BF /* Debug */ = {
			isa = XCBuildConfiguration;
			baseConfigurationReference = ABC0B4D5F08C4CCD458AA06C /* Pods.debug.xcconfig */;
			buildSettings = {
				ASSETCATALOG_COMPILER_APPICON_NAME = AppIcon;
				INFOPLIST_FILE = ASCollectionViewExample/Info.plist;
				IPHONEOS_DEPLOYMENT_TARGET = 7.1;
				LD_RUNPATH_SEARCH_PATHS = "$(inherited) @executable_path/Frameworks";
				PRODUCT_NAME = "$(TARGET_NAME)";
			};
			name = Debug;
		};
		62F7FD861A57DF7400A489BF /* Release */ = {
			isa = XCBuildConfiguration;
			baseConfigurationReference = 491C47848DE8307DC46E9939 /* Pods.release.xcconfig */;
			buildSettings = {
				ASSETCATALOG_COMPILER_APPICON_NAME = AppIcon;
				INFOPLIST_FILE = ASCollectionViewExample/Info.plist;
				IPHONEOS_DEPLOYMENT_TARGET = 7.1;
				LD_RUNPATH_SEARCH_PATHS = "$(inherited) @executable_path/Frameworks";
				PRODUCT_NAME = "$(TARGET_NAME)";
			};
			name = Release;
		};
		62F7FD881A57DF7400A489BF /* Debug */ = {
			isa = XCBuildConfiguration;
			buildSettings = {
				BUNDLE_LOADER = "$(TEST_HOST)";
				FRAMEWORK_SEARCH_PATHS = (
					"$(SDKROOT)/Developer/Library/Frameworks",
					"$(inherited)",
				);
				GCC_PREPROCESSOR_DEFINITIONS = (
					"DEBUG=1",
					"$(inherited)",
				);
				INFOPLIST_FILE = ASCollectionViewExampleTests/Info.plist;
				LD_RUNPATH_SEARCH_PATHS = "$(inherited) @executable_path/Frameworks @loader_path/Frameworks";
				PRODUCT_NAME = "$(TARGET_NAME)";
				TEST_HOST = "$(BUILT_PRODUCTS_DIR)/ASCollectionViewExample.app/ASCollectionViewExample";
			};
			name = Debug;
		};
		62F7FD891A57DF7400A489BF /* Release */ = {
			isa = XCBuildConfiguration;
			buildSettings = {
				BUNDLE_LOADER = "$(TEST_HOST)";
				FRAMEWORK_SEARCH_PATHS = (
					"$(SDKROOT)/Developer/Library/Frameworks",
					"$(inherited)",
				);
				INFOPLIST_FILE = ASCollectionViewExampleTests/Info.plist;
				LD_RUNPATH_SEARCH_PATHS = "$(inherited) @executable_path/Frameworks @loader_path/Frameworks";
				PRODUCT_NAME = "$(TARGET_NAME)";
				TEST_HOST = "$(BUILT_PRODUCTS_DIR)/ASCollectionViewExample.app/ASCollectionViewExample";
			};
			name = Release;
		};
/* End XCBuildConfiguration section */

/* Begin XCConfigurationList section */
		62F7FD5C1A57DF7400A489BF /* Build configuration list for PBXProject "ASCollectionViewExample" */ = {
			isa = XCConfigurationList;
			buildConfigurations = (
				62F7FD821A57DF7400A489BF /* Debug */,
				62F7FD831A57DF7400A489BF /* Release */,
			);
			defaultConfigurationIsVisible = 0;
			defaultConfigurationName = Release;
		};
		62F7FD841A57DF7400A489BF /* Build configuration list for PBXNativeTarget "ASCollectionViewExample" */ = {
			isa = XCConfigurationList;
			buildConfigurations = (
				62F7FD851A57DF7400A489BF /* Debug */,
				62F7FD861A57DF7400A489BF /* Release */,
			);
			defaultConfigurationIsVisible = 0;
			defaultConfigurationName = Release;
		};
		62F7FD871A57DF7400A489BF /* Build configuration list for PBXNativeTarget "ASCollectionViewExampleTests" */ = {
			isa = XCConfigurationList;
			buildConfigurations = (
				62F7FD881A57DF7400A489BF /* Debug */,
				62F7FD891A57DF7400A489BF /* Release */,
			);
			defaultConfigurationIsVisible = 0;
			defaultConfigurationName = Release;
		};
/* End XCConfigurationList section */
	};
	rootObject = 62F7FD591A57DF7400A489BF /* Project object */;
}
